
Microsoft Visual Studio Solution File, Format Version 12.00
# Visual Studio 2013
VisualStudioVersion = 12.0.21005.1
MinimumVisualStudioVersion = 10.0.40219.1
Project("{FAE04EC0-301F-11D3-BF4B-00C04F79EFBC}") = "DummyDataInitializer", "DummyDataInitializer\DummyDataInitializer.csproj", "{9BB199FB-BB9A-4EE1-A961-07196A5E610D}"
EndProject
Project("{FAE04EC0-301F-11D3-BF4B-00C04F79EFBC}") = "SchedulerDAC", "..\SchedulerDAC\SchedulerDAC\SchedulerDAC.csproj", "{341A9886-582A-4269-B766-647DE9DC7C66}"
EndProject
Project("{FAE04EC0-301F-11D3-BF4B-00C04F79EFBC}") = "Scheduler.Logic", "Scheduler.Logic\Scheduler.Logic.csproj", "{FFB9E378-0274-4139-BEC4-9B57CA413DA1}"
EndProject
Global
	GlobalSection(SolutionConfigurationPlatforms) = preSolution
		Debug|Any CPU = Debug|Any CPU
		Release|Any CPU = Release|Any CPU
	EndGlobalSection
	GlobalSection(ProjectConfigurationPlatforms) = postSolution
		{9BB199FB-BB9A-4EE1-A961-07196A5E610D}.Debug|Any CPU.ActiveCfg = Debug|Any CPU
		{9BB199FB-BB9A-4EE1-A961-07196A5E610D}.Debug|Any CPU.Build.0 = Debug|Any CPU
		{9BB199FB-BB9A-4EE1-A961-07196A5E610D}.Release|Any CPU.ActiveCfg = Release|Any CPU
		{9BB199FB-BB9A-4EE1-A961-07196A5E610D}.Release|Any CPU.Build.0 = Release|Any CPU
		{341A9886-582A-4269-B766-647DE9DC7C66}.Debug|Any CPU.ActiveCfg = Debug|Any CPU
		{341A9886-582A-4269-B766-647DE9DC7C66}.Debug|Any CPU.Build.0 = Debug|Any CPU
		{341A9886-582A-4269-B766-647DE9DC7C66}.Release|Any CPU.ActiveCfg = Release|Any CPU
		{341A9886-582A-4269-B766-647DE9DC7C66}.Release|Any CPU.Build.0 = Release|Any CPU
		{FFB9E378-0274-4139-BEC4-9B57CA413DA1}.Debug|Any CPU.ActiveCfg = Debug|Any CPU
		{FFB9E378-0274-4139-BEC4-9B57CA413DA1}.Debug|Any CPU.Build.0 = Debug|Any CPU
		{FFB9E378-0274-4139-BEC4-9B57CA413DA1}.Release|Any CPU.ActiveCfg = Release|Any CPU
		{FFB9E378-0274-4139-BEC4-9B57CA413DA1}.Release|Any CPU.Build.0 = Release|Any CPU
	EndGlobalSection
	GlobalSection(SolutionProperties) = preSolution
		HideSolutionNode = FALSE
	EndGlobalSection
EndGlobal
